// !$*UTF8*$!
{
	archiveVersion = 1;
	classes = {
	};
	objectVersion = 46;
	objects = {

/* Begin PBXBuildFile section */
		0163BF721B5E3486009F4B08 /* Icon@2x.png in Resources */ = {isa = PBXBuildFile; fileRef = 0163BF711B5E3486009F4B08 /* Icon@2x.png */; };
		719A95E919AF086C00D3A3C7 /* Foundation.framework in Frameworks */ = {isa = PBXBuildFile; fileRef = 719A95E819AF086C00D3A3C7 /* Foundation.framework */; };
		719A95EB19AF086C00D3A3C7 /* CoreGraphics.framework in Frameworks */ = {isa = PBXBuildFile; fileRef = 719A95EA19AF086C00D3A3C7 /* CoreGraphics.framework */; };
		719A95ED19AF086C00D3A3C7 /* UIKit.framework in Frameworks */ = {isa = PBXBuildFile; fileRef = 719A95EC19AF086C00D3A3C7 /* UIKit.framework */; };
		719A95F319AF086C00D3A3C7 /* InfoPlist.strings in Resources */ = {isa = PBXBuildFile; fileRef = 719A95F119AF086C00D3A3C7 /* InfoPlist.strings */; };
		719A95F519AF086C00D3A3C7 /* main.m in Sources */ = {isa = PBXBuildFile; fileRef = 719A95F419AF086C00D3A3C7 /* main.m */; };
		719A95F919AF086C00D3A3C7 /* PSBAppDelegate.m in Sources */ = {isa = PBXBuildFile; fileRef = 719A95F819AF086C00D3A3C7 /* PSBAppDelegate.m */; };
		719A95FB19AF086C00D3A3C7 /* Images.xcassets in Resources */ = {isa = PBXBuildFile; fileRef = 719A95FA19AF086C00D3A3C7 /* Images.xcassets */; };
		719A960219AF086C00D3A3C7 /* XCTest.framework in Frameworks */ = {isa = PBXBuildFile; fileRef = 719A960119AF086C00D3A3C7 /* XCTest.framework */; };
		719A960319AF086C00D3A3C7 /* Foundation.framework in Frameworks */ = {isa = PBXBuildFile; fileRef = 719A95E819AF086C00D3A3C7 /* Foundation.framework */; };
		719A960419AF086C00D3A3C7 /* UIKit.framework in Frameworks */ = {isa = PBXBuildFile; fileRef = 719A95EC19AF086C00D3A3C7 /* UIKit.framework */; };
		719A960C19AF086C00D3A3C7 /* InfoPlist.strings in Resources */ = {isa = PBXBuildFile; fileRef = 719A960A19AF086C00D3A3C7 /* InfoPlist.strings */; };
		719A960E19AF086C00D3A3C7 /* day16_ViewController_ContainerViewControllerTests.m in Sources */ = {isa = PBXBuildFile; fileRef = 719A960D19AF086C00D3A3C7 /* day16_ViewController_ContainerViewControllerTests.m */; };
		719A961919AF08A700D3A3C7 /* PSBContainerViewController.m in Sources */ = {isa = PBXBuildFile; fileRef = 719A961819AF08A700D3A3C7 /* PSBContainerViewController.m */; };
		719A961C19AF08BF00D3A3C7 /* PSBFirstViewController.m in Sources */ = {isa = PBXBuildFile; fileRef = 719A961B19AF08BF00D3A3C7 /* PSBFirstViewController.m */; };
		719A961F19AF08D300D3A3C7 /* PSBSecondViewController.m in Sources */ = {isa = PBXBuildFile; fileRef = 719A961E19AF08D300D3A3C7 /* PSBSecondViewController.m */; };
		719A962319AF0D3900D3A3C7 /* UIView+PSBTransitionAnimation.m in Sources */ = {isa = PBXBuildFile; fileRef = 719A962219AF0D3900D3A3C7 /* UIView+PSBTransitionAnimation.m */; };
		719A962519AF0D5D00D3A3C7 /* QuartzCore.framework in Frameworks */ = {isa = PBXBuildFile; fileRef = 719A962419AF0D5D00D3A3C7 /* QuartzCore.framework */; };
/* End PBXBuildFile section */

/* Begin PBXContainerItemProxy section */
		719A960519AF086C00D3A3C7 /* PBXContainerItemProxy */ = {
			isa = PBXContainerItemProxy;
			containerPortal = 719A95DD19AF086B00D3A3C7 /* Project object */;
			proxyType = 1;
			remoteGlobalIDString = 719A95E419AF086C00D3A3C7;
			remoteInfo = "day16-ViewController-ContainerViewController";
		};
/* End PBXContainerItemProxy section */

/* Begin PBXFileReference section */
		0163BF711B5E3486009F4B08 /* Icon@2x.png */ = {isa = PBXFileReference; lastKnownFileType = image.png; path = "Icon@2x.png"; sourceTree = "<group>"; };
		719A95E519AF086C00D3A3C7 /* day16-ViewController-ContainerViewController.app */ = {isa = PBXFileReference; explicitFileType = wrapper.application; includeInIndex = 0; path = "day16-ViewController-ContainerViewController.app"; sourceTree = BUILT_PRODUCTS_DIR; };
		719A95E819AF086C00D3A3C7 /* Foundation.framework */ = {isa = PBXFileReference; lastKnownFileType = wrapper.framework; name = Foundation.framework; path = System/Library/Frameworks/Foundation.framework; sourceTree = SDKROOT; };
		719A95EA19AF086C00D3A3C7 /* CoreGraphics.framework */ = {isa = PBXFileReference; lastKnownFileType = wrapper.framework; name = CoreGraphics.framework; path = System/Library/Frameworks/CoreGraphics.framework; sourceTree = SDKROOT; };
		719A95EC19AF086C00D3A3C7 /* UIKit.framework */ = {isa = PBXFileReference; lastKnownFileType = wrapper.framework; name = UIKit.framework; path = System/Library/Frameworks/UIKit.framework; sourceTree = SDKROOT; };
		719A95F019AF086C00D3A3C7 /* day16-ViewController-ContainerViewController-Info.plist */ = {isa = PBXFileReference; lastKnownFileType = text.plist.xml; path = "day16-ViewController-ContainerViewController-Info.plist"; sourceTree = "<group>"; };
		719A95F219AF086C00D3A3C7 /* en */ = {isa = PBXFileReference; lastKnownFileType = text.plist.strings; name = en; path = en.lproj/InfoPlist.strings; sourceTree = "<group>"; };
		719A95F419AF086C00D3A3C7 /* main.m */ = {isa = PBXFileReference; lastKnownFileType = sourcecode.c.objc; path = main.m; sourceTree = "<group>"; };
		719A95F619AF086C00D3A3C7 /* day16-ViewController-ContainerViewController-Prefix.pch */ = {isa = PBXFileReference; lastKnownFileType = sourcecode.c.h; path = "day16-ViewController-ContainerViewController-Prefix.pch"; sourceTree = "<group>"; };
		719A95F719AF086C00D3A3C7 /* PSBAppDelegate.h */ = {isa = PBXFileReference; lastKnownFileType = sourcecode.c.h; path = PSBAppDelegate.h; sourceTree = "<group>"; };
		719A95F819AF086C00D3A3C7 /* PSBAppDelegate.m */ = {isa = PBXFileReference; lastKnownFileType = sourcecode.c.objc; path = PSBAppDelegate.m; sourceTree = "<group>"; };
		719A95FA19AF086C00D3A3C7 /* Images.xcassets */ = {isa = PBXFileReference; lastKnownFileType = folder.assetcatalog; path = Images.xcassets; sourceTree = "<group>"; };
		719A960019AF086C00D3A3C7 /* day16-ViewController-ContainerViewControllerTests.xctest */ = {isa = PBXFileReference; explicitFileType = wrapper.cfbundle; includeInIndex = 0; path = "day16-ViewController-ContainerViewControllerTests.xctest"; sourceTree = BUILT_PRODUCTS_DIR; };
		719A960119AF086C00D3A3C7 /* XCTest.framework */ = {isa = PBXFileReference; lastKnownFileType = wrapper.framework; name = XCTest.framework; path = Library/Frameworks/XCTest.framework; sourceTree = DEVELOPER_DIR; };
		719A960919AF086C00D3A3C7 /* day16-ViewController-ContainerViewControllerTests-Info.plist */ = {isa = PBXFileReference; lastKnownFileType = text.plist.xml; path = "day16-ViewController-ContainerViewControllerTests-Info.plist"; sourceTree = "<group>"; };
		719A960B19AF086C00D3A3C7 /* en */ = {isa = PBXFileReference; lastKnownFileType = text.plist.strings; name = en; path = en.lproj/InfoPlist.strings; sourceTree = "<group>"; };
		719A960D19AF086C00D3A3C7 /* day16_ViewController_ContainerViewControllerTests.m */ = {isa = PBXFileReference; lastKnownFileType = sourcecode.c.objc; path = day16_ViewController_ContainerViewControllerTests.m; sourceTree = "<group>"; };
		719A961719AF08A700D3A3C7 /* PSBContainerViewController.h */ = {isa = PBXFileReference; fileEncoding = 4; lastKnownFileType = sourcecode.c.h; name = PSBContainerViewController.h; path = "day16-ViewController-ContainerViewController/PSBContainerViewController.h"; sourceTree = "<group>"; };
		719A961819AF08A700D3A3C7 /* PSBContainerViewController.m */ = {isa = PBXFileReference; fileEncoding = 4; lastKnownFileType = sourcecode.c.objc; name = PSBContainerViewController.m; path = "day16-ViewController-ContainerViewController/PSBContainerViewController.m"; sourceTree = "<group>"; };
		719A961A19AF08BF00D3A3C7 /* PSBFirstViewController.h */ = {isa = PBXFileReference; fileEncoding = 4; lastKnownFileType = sourcecode.c.h; name = PSBFirstViewController.h; path = "day16-ViewController-ContainerViewController/PSBFirstViewController.h"; sourceTree = "<group>"; };
		719A961B19AF08BF00D3A3C7 /* PSBFirstViewController.m */ = {isa = PBXFileReference; fileEncoding = 4; lastKnownFileType = sourcecode.c.objc; name = PSBFirstViewController.m; path = "day16-ViewController-ContainerViewController/PSBFirstViewController.m"; sourceTree = "<group>"; };
		719A961D19AF08D300D3A3C7 /* PSBSecondViewController.h */ = {isa = PBXFileReference; fileEncoding = 4; lastKnownFileType = sourcecode.c.h; name = PSBSecondViewController.h; path = "day16-ViewController-ContainerViewController/PSBSecondViewController.h"; sourceTree = "<group>"; };
		719A961E19AF08D300D3A3C7 /* PSBSecondViewController.m */ = {isa = PBXFileReference; fileEncoding = 4; lastKnownFileType = sourcecode.c.objc; name = PSBSecondViewController.m; path = "day16-ViewController-ContainerViewController/PSBSecondViewController.m"; sourceTree = "<group>"; };
		719A962119AF0D3900D3A3C7 /* UIView+PSBTransitionAnimation.h */ = {isa = PBXFileReference; fileEncoding = 4; lastKnownFileType = sourcecode.c.h; path = "UIView+PSBTransitionAnimation.h"; sourceTree = "<group>"; };
		719A962219AF0D3900D3A3C7 /* UIView+PSBTransitionAnimation.m */ = {isa = PBXFileReference; fileEncoding = 4; lastKnownFileType = sourcecode.c.objc; path = "UIView+PSBTransitionAnimation.m"; sourceTree = "<group>"; };
		719A962419AF0D5D00D3A3C7 /* QuartzCore.framework */ = {isa = PBXFileReference; lastKnownFileType = wrapper.framework; name = QuartzCore.framework; path = System/Library/Frameworks/QuartzCore.framework; sourceTree = SDKROOT; };
/* End PBXFileReference section */

/* Begin PBXFrameworksBuildPhase section */
		719A95E219AF086C00D3A3C7 /* Frameworks */ = {
			isa = PBXFrameworksBuildPhase;
			buildActionMask = 2147483647;
			files = (
				719A962519AF0D5D00D3A3C7 /* QuartzCore.framework in Frameworks */,
				719A95EB19AF086C00D3A3C7 /* CoreGraphics.framework in Frameworks */,
				719A95ED19AF086C00D3A3C7 /* UIKit.framework in Frameworks */,
				719A95E919AF086C00D3A3C7 /* Foundation.framework in Frameworks */,
			);
			runOnlyForDeploymentPostprocessing = 0;
		};
		719A95FD19AF086C00D3A3C7 /* Frameworks */ = {
			isa = PBXFrameworksBuildPhase;
			buildActionMask = 2147483647;
			files = (
				719A960219AF086C00D3A3C7 /* XCTest.framework in Frameworks */,
				719A960419AF086C00D3A3C7 /* UIKit.framework in Frameworks */,
				719A960319AF086C00D3A3C7 /* Foundation.framework in Frameworks */,
			);
			runOnlyForDeploymentPostprocessing = 0;
		};
/* End PBXFrameworksBuildPhase section */

/* Begin PBXGroup section */
		719A95DC19AF086B00D3A3C7 = {
			isa = PBXGroup;
			children = (
				719A962019AF0D3900D3A3C7 /* PSBTransitionAnimation */,
				719A961D19AF08D300D3A3C7 /* PSBSecondViewController.h */,
				719A961E19AF08D300D3A3C7 /* PSBSecondViewController.m */,
				719A961A19AF08BF00D3A3C7 /* PSBFirstViewController.h */,
				719A961B19AF08BF00D3A3C7 /* PSBFirstViewController.m */,
				719A961719AF08A700D3A3C7 /* PSBContainerViewController.h */,
				719A961819AF08A700D3A3C7 /* PSBContainerViewController.m */,
				719A95EE19AF086C00D3A3C7 /* day16-ViewController-ContainerViewController */,
				719A960719AF086C00D3A3C7 /* day16-ViewController-ContainerViewControllerTests */,
				719A95E719AF086C00D3A3C7 /* Frameworks */,
				719A95E619AF086C00D3A3C7 /* Products */,
			);
			sourceTree = "<group>";
		};
		719A95E619AF086C00D3A3C7 /* Products */ = {
			isa = PBXGroup;
			children = (
				719A95E519AF086C00D3A3C7 /* day16-ViewController-ContainerViewController.app */,
				719A960019AF086C00D3A3C7 /* day16-ViewController-ContainerViewControllerTests.xctest */,
			);
			name = Products;
			sourceTree = "<group>";
		};
		719A95E719AF086C00D3A3C7 /* Frameworks */ = {
			isa = PBXGroup;
			children = (
				719A962419AF0D5D00D3A3C7 /* QuartzCore.framework */,
				719A95E819AF086C00D3A3C7 /* Foundation.framework */,
				719A95EA19AF086C00D3A3C7 /* CoreGraphics.framework */,
				719A95EC19AF086C00D3A3C7 /* UIKit.framework */,
				719A960119AF086C00D3A3C7 /* XCTest.framework */,
			);
			name = Frameworks;
			sourceTree = "<group>";
		};
		719A95EE19AF086C00D3A3C7 /* day16-ViewController-ContainerViewController */ = {
			isa = PBXGroup;
			children = (
				719A95F719AF086C00D3A3C7 /* PSBAppDelegate.h */,
				719A95F819AF086C00D3A3C7 /* PSBAppDelegate.m */,
				719A95FA19AF086C00D3A3C7 /* Images.xcassets */,
				719A95EF19AF086C00D3A3C7 /* Supporting Files */,
			);
			path = "day16-ViewController-ContainerViewController";
			sourceTree = "<group>";
		};
		719A95EF19AF086C00D3A3C7 /* Supporting Files */ = {
			isa = PBXGroup;
			children = (
				719A95F019AF086C00D3A3C7 /* day16-ViewController-ContainerViewController-Info.plist */,
				719A95F119AF086C00D3A3C7 /* InfoPlist.strings */,
				719A95F419AF086C00D3A3C7 /* main.m */,
				719A95F619AF086C00D3A3C7 /* day16-ViewController-ContainerViewController-Prefix.pch */,
			);
			name = "Supporting Files";
			sourceTree = "<group>";
		};
		719A960719AF086C00D3A3C7 /* day16-ViewController-ContainerViewControllerTests */ = {
			isa = PBXGroup;
			children = (
				719A960D19AF086C00D3A3C7 /* day16_ViewController_ContainerViewControllerTests.m */,
				719A960819AF086C00D3A3C7 /* Supporting Files */,
			);
			path = "day16-ViewController-ContainerViewControllerTests";
			sourceTree = "<group>";
		};
		719A960819AF086C00D3A3C7 /* Supporting Files */ = {
			isa = PBXGroup;
			children = (
				719A960919AF086C00D3A3C7 /* day16-ViewController-ContainerViewControllerTests-Info.plist */,
				719A960A19AF086C00D3A3C7 /* InfoPlist.strings */,
			);
			name = "Supporting Files";
			sourceTree = "<group>";
		};
		719A962019AF0D3900D3A3C7 /* PSBTransitionAnimation */ = {
			isa = PBXGroup;
			children = (
				0163BF711B5E3486009F4B08 /* Icon@2x.png */,
				719A962119AF0D3900D3A3C7 /* UIView+PSBTransitionAnimation.h */,
				719A962219AF0D3900D3A3C7 /* UIView+PSBTransitionAnimation.m */,
			);
			path = PSBTransitionAnimation;
			sourceTree = "<group>";
		};
/* End PBXGroup section */

/* Begin PBXNativeTarget section */
		719A95E419AF086C00D3A3C7 /* day16-ViewController-ContainerViewController */ = {
			isa = PBXNativeTarget;
			buildConfigurationList = 719A961119AF086C00D3A3C7 /* Build configuration list for PBXNativeTarget "day16-ViewController-ContainerViewController" */;
			buildPhases = (
				719A95E119AF086C00D3A3C7 /* Sources */,
				719A95E219AF086C00D3A3C7 /* Frameworks */,
				719A95E319AF086C00D3A3C7 /* Resources */,
			);
			buildRules = (
			);
			dependencies = (
			);
			name = "day16-ViewController-ContainerViewController";
			productName = "day16-ViewController-ContainerViewController";
			productReference = 719A95E519AF086C00D3A3C7 /* day16-ViewController-ContainerViewController.app */;
			productType = "com.apple.product-type.application";
		};
		719A95FF19AF086C00D3A3C7 /* day16-ViewController-ContainerViewControllerTests */ = {
			isa = PBXNativeTarget;
			buildConfigurationList = 719A961419AF086C00D3A3C7 /* Build configuration list for PBXNativeTarget "day16-ViewController-ContainerViewControllerTests" */;
			buildPhases = (
				719A95FC19AF086C00D3A3C7 /* Sources */,
				719A95FD19AF086C00D3A3C7 /* Frameworks */,
				719A95FE19AF086C00D3A3C7 /* Resources */,
			);
			buildRules = (
			);
			dependencies = (
				719A960619AF086C00D3A3C7 /* PBXTargetDependency */,
			);
			name = "day16-ViewController-ContainerViewControllerTests";
			productName = "day16-ViewController-ContainerViewControllerTests";
			productReference = 719A960019AF086C00D3A3C7 /* day16-ViewController-ContainerViewControllerTests.xctest */;
			productType = "com.apple.product-type.bundle.unit-test";
		};
/* End PBXNativeTarget section */

/* Begin PBXProject section */
		719A95DD19AF086B00D3A3C7 /* Project object */ = {
			isa = PBXProject;
			attributes = {
				CLASSPREFIX = PSB;
				LastUpgradeCheck = 0510;
				ORGANIZATIONNAME = PSB;
				TargetAttributes = {
					719A95E419AF086C00D3A3C7 = {
						DevelopmentTeam = YTM2F556UK;
					};
					719A95FF19AF086C00D3A3C7 = {
						TestTargetID = 719A95E419AF086C00D3A3C7;
					};
				};
			};
			buildConfigurationList = 719A95E019AF086B00D3A3C7 /* Build configuration list for PBXProject "day16-ViewController-ContainerViewController" */;
			compatibilityVersion = "Xcode 3.2";
			developmentRegion = English;
			hasScannedForEncodings = 0;
			knownRegions = (
				en,
			);
			mainGroup = 719A95DC19AF086B00D3A3C7;
			productRefGroup = 719A95E619AF086C00D3A3C7 /* Products */;
			projectDirPath = "";
			projectRoot = "";
			targets = (
				719A95E419AF086C00D3A3C7 /* day16-ViewController-ContainerViewController */,
				719A95FF19AF086C00D3A3C7 /* day16-ViewController-ContainerViewControllerTests */,
			);
		};
/* End PBXProject section */

/* Begin PBXResourcesBuildPhase section */
		719A95E319AF086C00D3A3C7 /* Resources */ = {
			isa = PBXResourcesBuildPhase;
			buildActionMask = 2147483647;
			files = (
				719A95F319AF086C00D3A3C7 /* InfoPlist.strings in Resources */,
				0163BF721B5E3486009F4B08 /* Icon@2x.png in Resources */,
				719A95FB19AF086C00D3A3C7 /* Images.xcassets in Resources */,
			);
			runOnlyForDeploymentPostprocessing = 0;
		};
		719A95FE19AF086C00D3A3C7 /* Resources */ = {
			isa = PBXResourcesBuildPhase;
			buildActionMask = 2147483647;
			files = (
				719A960C19AF086C00D3A3C7 /* InfoPlist.strings in Resources */,
			);
			runOnlyForDeploymentPostprocessing = 0;
		};
/* End PBXResourcesBuildPhase section */

/* Begin PBXSourcesBuildPhase section */
		719A95E119AF086C00D3A3C7 /* Sources */ = {
			isa = PBXSourcesBuildPhase;
			buildActionMask = 2147483647;
			files = (
				719A961919AF08A700D3A3C7 /* PSBContainerViewController.m in Sources */,
				719A95F919AF086C00D3A3C7 /* PSBAppDelegate.m in Sources */,
				719A962319AF0D3900D3A3C7 /* UIView+PSBTransitionAnimation.m in Sources */,
				719A95F519AF086C00D3A3C7 /* main.m in Sources */,
				719A961F19AF08D300D3A3C7 /* PSBSecondViewController.m in Sources */,
				719A961C19AF08BF00D3A3C7 /* PSBFirstViewController.m in Sources */,
			);
			runOnlyForDeploymentPostprocessing = 0;
		};
		719A95FC19AF086C00D3A3C7 /* Sources */ = {
			isa = PBXSourcesBuildPhase;
			buildActionMask = 2147483647;
			files = (
				719A960E19AF086C00D3A3C7 /* day16_ViewController_ContainerViewControllerTests.m in Sources */,
			);
			runOnlyForDeploymentPostprocessing = 0;
		};
/* End PBXSourcesBuildPhase section */

/* Begin PBXTargetDependency section */
		719A960619AF086C00D3A3C7 /* PBXTargetDependency */ = {
			isa = PBXTargetDependency;
			target = 719A95E419AF086C00D3A3C7 /* day16-ViewController-ContainerViewController */;
			targetProxy = 719A960519AF086C00D3A3C7 /* PBXContainerItemProxy */;
		};
/* End PBXTargetDependency section */

/* Begin PBXVariantGroup section */
		719A95F119AF086C00D3A3C7 /* InfoPlist.strings */ = {
			isa = PBXVariantGroup;
			children = (
				719A95F219AF086C00D3A3C7 /* en */,
			);
			name = InfoPlist.strings;
			sourceTree = "<group>";
		};
		719A960A19AF086C00D3A3C7 /* InfoPlist.strings */ = {
			isa = PBXVariantGroup;
			children = (
				719A960B19AF086C00D3A3C7 /* en */,
			);
			name = InfoPlist.strings;
			sourceTree = "<group>";
		};
/* End PBXVariantGroup section */

/* Begin XCBuildConfiguration section */
		719A960F19AF086C00D3A3C7 /* Debug */ = {
			isa = XCBuildConfiguration;
			buildSettings = {
				ALWAYS_SEARCH_USER_PATHS = NO;
				CLANG_CXX_LANGUAGE_STANDARD = "gnu++0x";
				CLANG_CXX_LIBRARY = "libc++";
				CLANG_ENABLE_MODULES = YES;
				CLANG_ENABLE_OBJC_ARC = YES;
				CLANG_WARN_BOOL_CONVERSION = YES;
				CLANG_WARN_CONSTANT_CONVERSION = YES;
				CLANG_WARN_DIRECT_OBJC_ISA_USAGE = YES_ERROR;
				CLANG_WARN_EMPTY_BODY = YES;
				CLANG_WARN_ENUM_CONVERSION = YES;
				CLANG_WARN_INT_CONVERSION = YES;
				CLANG_WARN_OBJC_ROOT_CLASS = YES_ERROR;
				CLANG_WARN__DUPLICATE_METHOD_MATCH = YES;
				"CODE_SIGN_IDENTITY[sdk=iphoneos*]" = "iPhone Developer";
				COPY_PHASE_STRIP = NO;
				GCC_C_LANGUAGE_STANDARD = gnu99;
				GCC_DYNAMIC_NO_PIC = NO;
				GCC_OPTIMIZATION_LEVEL = 0;
				GCC_PREPROCESSOR_DEFINITIONS = (
					"DEBUG=1",
					"$(inherited)",
				);
				GCC_SYMBOLS_PRIVATE_EXTERN = NO;
				GCC_WARN_64_TO_32_BIT_CONVERSION = YES;
				GCC_WARN_ABOUT_RETURN_TYPE = YES_ERROR;
				GCC_WARN_UNDECLARED_SELECTOR = YES;
				GCC_WARN_UNINITIALIZED_AUTOS = YES_AGGRESSIVE;
				GCC_WARN_UNUSED_FUNCTION = YES;
				GCC_WARN_UNUSED_VARIABLE = YES;
				IPHONEOS_DEPLOYMENT_TARGET = 7.1;
				ONLY_ACTIVE_ARCH = YES;
				SDKROOT = iphoneos;
			};
			name = Debug;
		};
		719A961019AF086C00D3A3C7 /* Release */ = {
			isa = XCBuildConfiguration;
			buildSettings = {
				ALWAYS_SEARCH_USER_PATHS = NO;
				CLANG_CXX_LANGUAGE_STANDARD = "gnu++0x";
				CLANG_CXX_LIBRARY = "libc++";
				CLANG_ENABLE_MODULES = YES;
				CLANG_ENABLE_OBJC_ARC = YES;
				CLANG_WARN_BOOL_CONVERSION = YES;
				CLANG_WARN_CONSTANT_CONVERSION = YES;
				CLANG_WARN_DIRECT_OBJC_ISA_USAGE = YES_ERROR;
				CLANG_WARN_EMPTY_BODY = YES;
				CLANG_WARN_ENUM_CONVERSION = YES;
				CLANG_WARN_INT_CONVERSION = YES;
				CLANG_WARN_OBJC_ROOT_CLASS = YES_ERROR;
				CLANG_WARN__DUPLICATE_METHOD_MATCH = YES;
				"CODE_SIGN_IDENTITY[sdk=iphoneos*]" = "iPhone Developer";
				COPY_PHASE_STRIP = YES;
				ENABLE_NS_ASSERTIONS = NO;
				GCC_C_LANGUAGE_STANDARD = gnu99;
				GCC_WARN_64_TO_32_BIT_CONVERSION = YES;
				GCC_WARN_ABOUT_RETURN_TYPE = YES_ERROR;
				GCC_WARN_UNDECLARED_SELECTOR = YES;
				GCC_WARN_UNINITIALIZED_AUTOS = YES_AGGRESSIVE;
				GCC_WARN_UNUSED_FUNCTION = YES;
				GCC_WARN_UNUSED_VARIABLE = YES;
				IPHONEOS_DEPLOYMENT_TARGET = 7.1;
				SDKROOT = iphoneos;
				VALIDATE_PRODUCT = YES;
			};
			name = Release;
		};
		719A961219AF086C00D3A3C7 /* Debug */ = {
			isa = XCBuildConfiguration;
			buildSettings = {
				ASSETCATALOG_COMPILER_APPICON_NAME = AppIcon;
				ASSETCATALOG_COMPILER_LAUNCHIMAGE_NAME = LaunchImage;
				CLANG_ENABLE_OBJC_ARC = NO;
				CODE_SIGN_IDENTITY = "iPhone Developer: Wang Shukui (26WC536UD2)";
				"CODE_SIGN_IDENTITY[sdk=iphoneos*]" = "iPhone Distribution: Wang Shukui (YTM2F556UK)";
				GCC_PRECOMPILE_PREFIX_HEADER = YES;
				GCC_PREFIX_HEADER = "day16-ViewController-ContainerViewController/day16-ViewController-ContainerViewController-Prefix.pch";
				INFOPLIST_FILE = "day16-ViewController-ContainerViewController/day16-ViewController-ContainerViewController-Info.plist";
				PRODUCT_NAME = "$(TARGET_NAME)";
				PROVISIONING_PROFILE = "9712f6ef-01a9-42b0-803a-7dd50c21edd1";
				WRAPPER_EXTENSION = app;
			};
			name = Debug;
		};
		719A961319AF086C00D3A3C7 /* Release */ = {
			isa = XCBuildConfiguration;
			buildSettings = {
				ASSETCATALOG_COMPILER_APPICON_NAME = AppIcon;
				ASSETCATALOG_COMPILER_LAUNCHIMAGE_NAME = LaunchImage;
				CLANG_ENABLE_OBJC_ARC = NO;
				CODE_SIGN_IDENTITY = "iPhone Developer: Wang Shukui (26WC536UD2)";
				"CODE_SIGN_IDENTITY[sdk=iphoneos*]" = "iPhone Distribution: Wang Shukui (YTM2F556UK)";
				GCC_PRECOMPILE_PREFIX_HEADER = YES;
				GCC_PREFIX_HEADER = "day16-ViewController-ContainerViewController/day16-ViewController-ContainerViewController-Prefix.pch";
				INFOPLIST_FILE = "day16-ViewController-ContainerViewController/day16-ViewController-ContainerViewController-Info.plist";
				PRODUCT_NAME = "$(TARGET_NAME)";
				PROVISIONING_PROFILE = "9712f6ef-01a9-42b0-803a-7dd50c21edd1";
				WRAPPER_EXTENSION = app;
			};
			name = Release;
		};
		719A961519AF086C00D3A3C7 /* Debug */ = {
			isa = XCBuildConfiguration;
			buildSettings = {
				BUNDLE_LOADER = "$(BUILT_PRODUCTS_DIR)/day16-ViewController-ContainerViewController.app/day16-ViewController-ContainerViewController";
				FRAMEWORK_SEARCH_PATHS = (
					"$(SDKROOT)/Developer/Library/Frameworks",
					"$(inherited)",
					"$(DEVELOPER_FRAMEWORKS_DIR)",
				);
				GCC_PRECOMPILE_PREFIX_HEADER = YES;
				GCC_PREFIX_HEADER = "day16-ViewController-ContainerViewController/day16-ViewController-ContainerViewController-Prefix.pch";
				GCC_PREPROCESSOR_DEFINITIONS = (
					"DEBUG=1",
					"$(inherited)",
				);
				INFOPLIST_FILE = "day16-ViewController-ContainerViewControllerTests/day16-ViewController-ContainerViewControllerTests-Info.plist";
				PRODUCT_NAME = "$(TARGET_NAME)";
				TEST_HOST = "$(BUNDLE_LOADER)";
				WRAPPER_EXTENSION = xctest;
			};
			name = Debug;
		};
		719A961619AF086C00D3A3C7 /* Release */ = {
			isa = XCBuildConfiguration;
			buildSettings = {
				BUNDLE_LOADER = "$(BUILT_PRODUCTS_DIR)/day16-ViewController-ContainerViewController.app/day16-ViewController-ContainerViewController";
				FRAMEWORK_SEARCH_PATHS = (
					"$(SDKROOT)/Developer/Library/Frameworks",
					"$(inherited)",
					"$(DEVELOPER_FRAMEWORKS_DIR)",
				);
				GCC_PRECOMPILE_PREFIX_HEADER = YES;
				GCC_PREFIX_HEADER = "day16-ViewController-ContainerViewController/day16-ViewController-ContainerViewController-Prefix.pch";
				INFOPLIST_FILE = "day16-ViewController-ContainerViewControllerTests/day16-ViewController-ContainerViewControllerTests-Info.plist";
				PRODUCT_NAME = "$(TARGET_NAME)";
				TEST_HOST = "$(BUNDLE_LOADER)";
				WRAPPER_EXTENSION = xctest;
			};
			name = Release;
		};
/* End XCBuildConfiguration section */

/* Begin XCConfigurationList section */
		719A95E019AF086B00D3A3C7 /* Build configuration list for PBXProject "day16-ViewController-ContainerViewController" */ = {
			isa = XCConfigurationList;
			buildConfigurations = (
				719A960F19AF086C00D3A3C7 /* Debug */,
				719A961019AF086C00D3A3C7 /* Release */,
			);
			defaultConfigurationIsVisible = 0;
			defaultConfigurationName = Release;
		};
		719A961119AF086C00D3A3C7 /* Build configuration list for PBXNativeTarget "day16-ViewController-ContainerViewController" */ = {
			isa = XCConfigurationList;
			buildConfigurations = (
				719A961219AF086C00D3A3C7 /* Debug */,
				719A961319AF086C00D3A3C7 /* Release */,
			);
			defaultConfigurationIsVisible = 0;
			defaultConfigurationName = Release;
		};
		719A961419AF086C00D3A3C7 /* Build configuration list for PBXNativeTarget "day16-ViewController-ContainerViewControllerTests" */ = {
			isa = XCConfigurationList;
			buildConfigurations = (
				719A961519AF086C00D3A3C7 /* Debug */,
				719A961619AF086C00D3A3C7 /* Release */,
			);
			defaultConfigurationIsVisible = 0;
			defaultConfigurationName = Release;
		};
/* End XCConfigurationList section */
	};
	rootObject = 719A95DD19AF086B00D3A3C7 /* Project object */;
}
